
Microsoft Visual Studio Solution File, Format Version 12.00
# Visual Studio Version 17
VisualStudioVersion = 17.13.35806.99 d17.13
MinimumVisualStudioVersion = 10.0.40219.1
Project("{FAE04EC0-301F-11D3-BF4B-00C04F79EFBC}") = "EventService", "EventService\EventService.csproj", "{8F877988-6E4C-4E67-9150-BA0047F0732A}"
EndProject
Project("{FAE04EC0-301F-11D3-BF4B-00C04F79EFBC}") = "TicketService", "TicketService\TicketService.csproj", "{CA9D5EA7-22CA-4235-BA23-BCFA61E7AE46}"
EndProject
Project("{FAE04EC0-301F-11D3-BF4B-00C04F79EFBC}") = "VenueService", "VenueService\VenueService.csproj", "{67F34EA3-C058-4729-802E-9D4066853820}"
EndProject
Global
	GlobalSection(SolutionConfigurationPlatforms) = preSolution
		Debug|Any CPU = Debug|Any CPU
		Release|Any CPU = Release|Any CPU
	EndGlobalSection
	GlobalSection(ProjectConfigurationPlatforms) = postSolution
		{8F877988-6E4C-4E67-9150-BA0047F0732A}.Debug|Any CPU.ActiveCfg = Debug|Any CPU
		{8F877988-6E4C-4E67-9150-BA0047F0732A}.Debug|Any CPU.Build.0 = Debug|Any CPU
		{8F877988-6E4C-4E67-9150-BA0047F0732A}.Release|Any CPU.ActiveCfg = Release|Any CPU
		{8F877988-6E4C-4E67-9150-BA0047F0732A}.Release|Any CPU.Build.0 = Release|Any CPU
		{CA9D5EA7-22CA-4235-BA23-BCFA61E7AE46}.Debug|Any CPU.ActiveCfg = Debug|Any CPU
		{CA9D5EA7-22CA-4235-BA23-BCFA61E7AE46}.Debug|Any CPU.Build.0 = Debug|Any CPU
		{CA9D5EA7-22CA-4235-BA23-BCFA61E7AE46}.Release|Any CPU.ActiveCfg = Release|Any CPU
		{CA9D5EA7-22CA-4235-BA23-BCFA61E7AE46}.Release|Any CPU.Build.0 = Release|Any CPU
		{67F34EA3-C058-4729-802E-9D4066853820}.Debug|Any CPU.ActiveCfg = Debug|Any CPU
		{67F34EA3-C058-4729-802E-9D4066853820}.Debug|Any CPU.Build.0 = Debug|Any CPU
		{67F34EA3-C058-4729-802E-9D4066853820}.Release|Any CPU.ActiveCfg = Release|Any CPU
		{67F34EA3-C058-4729-802E-9D4066853820}.Release|Any CPU.Build.0 = Release|Any CPU
	EndGlobalSection
	GlobalSection(SolutionProperties) = preSolution
		HideSolutionNode = FALSE
	EndGlobalSection
	GlobalSection(ExtensibilityGlobals) = postSolution
		SolutionGuid = {D353C11B-AA84-4837-882D-889B6BFBBB55}
	EndGlobalSection
EndGlobal
